
Microsoft Visual Studio Solution File, Format Version 12.00
# Visual Studio Version 16
VisualStudioVersion = 16.0.31005.135
MinimumVisualStudioVersion = 10.0.40219.1
Project("{FAE04EC0-301F-11D3-BF4B-00C04F79EFBC}") = "CustomDictionary", "CustomDictionary\CustomDictionary.csproj", "{3FA2332D-21B1-43B2-9358-6916035A7CAA}"
EndProject
Global
	GlobalSection(SolutionConfigurationPlatforms) = preSolution
		Debug|Any CPU = Debug|Any CPU
		Release|Any CPU = Release|Any CPU
	EndGlobalSection
	GlobalSection(ProjectConfigurationPlatforms) = postSolution
		{3FA2332D-21B1-43B2-9358-6916035A7CAA}.Debug|Any CPU.ActiveCfg = Debug|Any CPU
		{3FA2332D-21B1-43B2-9358-6916035A7CAA}.Debug|Any CPU.Build.0 = Debug|Any CPU
		{3FA2332D-21B1-43B2-9358-6916035A7CAA}.Release|Any CPU.ActiveCfg = Release|Any CPU
		{3FA2332D-21B1-43B2-9358-6916035A7CAA}.Release|Any CPU.Build.0 = Release|Any CPU
	EndGlobalSection
	GlobalSection(SolutionProperties) = preSolution
		HideSolutionNode = FALSE
	EndGlobalSection
	GlobalSection(ExtensibilityGlobals) = postSolution
		SolutionGuid = {A4A25018-C9FE-4E81-892F-A0E692DA16B5}
	EndGlobalSection
EndGlobal
